PODS:
  - Bolts/Tasks (1.8.4)
  - IQKeyboardManagerSwift (4.0.5)
  - Parse (1.14.0):
    - Bolts/Tasks (~> 1.8)

DEPENDENCIES:
  - IQKeyboardManagerSwift
  - Parse (= 1.14.0)

SPEC CHECKSUMS:
  Bolts: 8a7995239dbe724f9cba2248b766d48b7ebdd322
  IQKeyboardManagerSwift: 41fd3a45a2cdb2a0e031af697708a95b865068a1
  Parse: 82a56536191a259454c2906d5e7fe3fade519446

PODFILE CHECKSUM: 82f9ac4cc71d3221e693a22aa138ac37d037a84b

COCOAPODS: 1.0.1
